
Microsoft Visual Studio Solution File, Format Version 12.00
# Visual Studio Version 16
VisualStudioVersion = 16.0.31515.178
MinimumVisualStudioVersion = 10.0.40219.1
Project("{FAE04EC0-301F-11D3-BF4B-00C04F79EFBC}") = "SistemaLaBocana", "SistemaLaBocana\SistemaLaBocana.csproj", "{B21BB067-6049-480B-A0F5-24BC37FC6810}"
EndProject
Project("{FAE04EC0-301F-11D3-BF4B-00C04F79EFBC}") = "Datos", "Datos\Datos.csproj", "{6DC78112-536A-46B4-A1F2-73E899CC0E18}"
EndProject
Project("{FAE04EC0-301F-11D3-BF4B-00C04F79EFBC}") = "Logica", "Logica\Logica.csproj", "{B91A96A0-2BF5-48DC-9160-75E8C2B4CFDE}"
EndProject
Global
	GlobalSection(SolutionConfigurationPlatforms) = preSolution
		Debug|Any CPU = Debug|Any CPU
		Release|Any CPU = Release|Any CPU
	EndGlobalSection
	GlobalSection(ProjectConfigurationPlatforms) = postSolution
		{B21BB067-6049-480B-A0F5-24BC37FC6810}.Debug|Any CPU.ActiveCfg = Debug|Any CPU
		{B21BB067-6049-480B-A0F5-24BC37FC6810}.Debug|Any CPU.Build.0 = Debug|Any CPU
		{B21BB067-6049-480B-A0F5-24BC37FC6810}.Release|Any CPU.ActiveCfg = Release|Any CPU
		{B21BB067-6049-480B-A0F5-24BC37FC6810}.Release|Any CPU.Build.0 = Release|Any CPU
		{6DC78112-536A-46B4-A1F2-73E899CC0E18}.Debug|Any CPU.ActiveCfg = Debug|Any CPU
		{6DC78112-536A-46B4-A1F2-73E899CC0E18}.Debug|Any CPU.Build.0 = Debug|Any CPU
		{6DC78112-536A-46B4-A1F2-73E899CC0E18}.Release|Any CPU.ActiveCfg = Release|Any CPU
		{6DC78112-536A-46B4-A1F2-73E899CC0E18}.Release|Any CPU.Build.0 = Release|Any CPU
		{B91A96A0-2BF5-48DC-9160-75E8C2B4CFDE}.Debug|Any CPU.ActiveCfg = Debug|Any CPU
		{B91A96A0-2BF5-48DC-9160-75E8C2B4CFDE}.Debug|Any CPU.Build.0 = Debug|Any CPU
		{B91A96A0-2BF5-48DC-9160-75E8C2B4CFDE}.Release|Any CPU.ActiveCfg = Release|Any CPU
		{B91A96A0-2BF5-48DC-9160-75E8C2B4CFDE}.Release|Any CPU.Build.0 = Release|Any CPU
	EndGlobalSection
	GlobalSection(SolutionProperties) = preSolution
		HideSolutionNode = FALSE
	EndGlobalSection
	GlobalSection(ExtensibilityGlobals) = postSolution
		SolutionGuid = {27CF12D1-2888-42CC-B32A-F03977D88F73}
	EndGlobalSection
EndGlobal
